// !$*UTF8*$!
{
	archiveVersion = 1;
	classes = {
	};
	objectVersion = 46;
	objects = {

/* Begin PBXAggregateTarget section */
		CE9CC0EE38B63973FC8AB60A /* sfizz - All */ = {
			isa = PBXAggregateTarget;
			buildConfigurationList = E71C1A18136ADBCC7F08D2AC;
			buildPhases = (
			);
			dependencies = (
				174E814992546AF7BB11CA8E,
				9103EE65E95656E654D79AFA,
				1D3860E6E6C64D42EE7C16F3,
				DEC5AF9883ADF0705715B4F5,
			);
			name = "sfizz - All";
			productName = sfizz;
		};
/* End PBXAggregateTarget section */

/* Begin PBXBuildFile section */
		006E7048D59EE32EC7AC45C8 /* include_juce_audio_plugin_client_AU_1.mm */ = {isa = PBXBuildFile; fileRef = 3E63D6BC1CC8C9492D2422F6; };
		0310B987563D6FA26C1FE711 /* include_juce_audio_plugin_client_VST_utils.mm */ = {isa = PBXBuildFile; fileRef = 026C8A36ECF572C30513BDC6; };
		0D1C73F82D8995F835B89E53 /* DiscRecording.framework */ = {isa = PBXBuildFile; fileRef = D04D6A25267D1CE0BCCFE4DD; };
		0F10CB39ED27688F08A95374 /* include_juce_audio_basics.mm */ = {isa = PBXBuildFile; fileRef = DA50B4BC0B1BB2D132FC9BD4; };
		104AF52318EDB120A6A02EC3 /* Standalone Plugin */ = {isa = PBXBuildFile; fileRef = 89666064EFDD30E403D3C15D; };
		223D8E136C92F51F2CD3B7D8 /* include_juce_audio_plugin_client_AU_2.mm */ = {isa = PBXBuildFile; fileRef = 7C39004072720FBF3B3EC3CB; };
		2A57599056074FFF7C68E34D /* CoreAudioKit.framework */ = {isa = PBXBuildFile; fileRef = 026D731F3CA8868FB01C2E89; };
		312C5E2846BAEB277C57945C /* SfzSynth.cpp */ = {isa = PBXBuildFile; fileRef = 3228F1305CEC04638F93E007; };
		385CCA2423B096ED12F0B09D /* include_juce_dsp.mm */ = {isa = PBXBuildFile; fileRef = B7F1826E087571D1F13475BA; };
		3FBA3FB1D85741EC78EB7F6B /* include_juce_core.mm */ = {isa = PBXBuildFile; fileRef = 32D63F44E3BF20928EE2FF68; };
		40A828095095504BD4BED2D2 /* include_juce_audio_plugin_client_AU.r */ = {isa = PBXBuildFile; fileRef = FB28AEB0D740EF5D20CA9010; };
		4DA8DD5CD310F5E1335647EA /* include_juce_audio_devices.mm */ = {isa = PBXBuildFile; fileRef = 28E1B8983803903E6C54375F; };
		54C98D3AAA82555638E0FE03 /* include_juce_gui_extra.mm */ = {isa = PBXBuildFile; fileRef = 966F3EB258A5D94DC0F399EA; };
		5B2D2D45D695031A7C63DA33 /* include_juce_data_structures.mm */ = {isa = PBXBuildFile; fileRef = 08C2F81B5715076E1CA7512F; };
		60482E844EF8711968AF447F /* include_juce_audio_plugin_client_VST3.cpp */ = {isa = PBXBuildFile; fileRef = B8345C2AC57AEC08FA3A1923; };
		637932EEC17364E7B6B02CD6 /* Cocoa.framework */ = {isa = PBXBuildFile; fileRef = BCBE2F1D08B1892AF633260E; };
		6C39490B707D5EB050F8E94D /* include_juce_audio_utils.mm */ = {isa = PBXBuildFile; fileRef = 89E8811E22A4FDBA64E548BF; };
		71E5440D02E6D3DBA746D76F /* include_juce_audio_formats.mm */ = {isa = PBXBuildFile; fileRef = F1BAE9E81583674B6226AC54; };
		79E6D969B7426CE6157E728E /* CoreMIDI.framework */ = {isa = PBXBuildFile; fileRef = 7D429D69FA2E11A64F64DE92; };
		81C0A680E2A7C4A0B9040DBE /* include_juce_audio_processors.mm */ = {isa = PBXBuildFile; fileRef = FE37DB6A5069B5C190D97435; };
		830A5B9A7E47AE4A26213219 /* Accelerate.framework */ = {isa = PBXBuildFile; fileRef = 0BB9FC5002AAE6E3A82403DF; };
		86B93073C238C0D238B236B2 /* AudioUnit.framework */ = {isa = PBXBuildFile; fileRef = BA66246B716ABD30D030D0FF; };
		8F35789149305F7F7D29FDA1 /* SfzVoice.cpp */ = {isa = PBXBuildFile; fileRef = C10762A1A4A01F97AEF1DAAC; };
		93576B02E64B2E51A41075F1 /* include_juce_audio_plugin_client_utils.cpp */ = {isa = PBXBuildFile; fileRef = D22E320E389CB4D976E22174; };
		9587522BBACB22B0CC37BB1F /* RecentFilesMenuTemplate.nib */ = {isa = PBXBuildFile; fileRef = 751F8072C804B83CE4EB7476; };
		9DBA5580D96F41FF7CA67FC8 /* Shared Code */ = {isa = PBXBuildFile; fileRef = EA6F1B47AC87E441D89034BA; };
		9DF8DC1FB3449A01EFB64532 /* AudioToolbox.framework */ = {isa = PBXBuildFile; fileRef = D528EEC31B77D8AA212B8658; };
		A18B6D48CEBDF4AC9BA335F1 /* PluginEditor.cpp */ = {isa = PBXBuildFile; fileRef = 677C4E85BDF0981FD87A4AD4; };
		ACF525754904574B232BE13B /* Foundation.framework */ = {isa = PBXBuildFile; fileRef = 7D19418EF3BD1365865F575C; };
		AE39C9073DDFD277797563F1 /* include_juce_audio_plugin_client_Standalone.cpp */ = {isa = PBXBuildFile; fileRef = 2697BF6F36638D8B2A327528; };
		AEC2864E5CBD85621AB233C1 /* include_juce_events.mm */ = {isa = PBXBuildFile; fileRef = DA861F41B2574F3D143502B6; };
		B424E12525C5109940BBE22A /* include_juce_graphics.mm */ = {isa = PBXBuildFile; fileRef = 0A9A08B8E654BFDD88921F08; };
		B6EF1AC6052B100A16100E78 /* IOKit.framework */ = {isa = PBXBuildFile; fileRef = 402ED6E9B9F771F06E886E80; };
		BDDB0CB606A7C4E22A141D45 /* CoreAudio.framework */ = {isa = PBXBuildFile; fileRef = C493560DF119D5940F2EBEB9; };
		C3B1C0937575D91825E17A19 /* WebKit.framework */ = {isa = PBXBuildFile; fileRef = F58E169C6E7DBA3897796187; };
		C6722B5575E431CCFB089479 /* VST3 */ = {isa = PBXBuildFile; fileRef = 583BD7CA6CAC4A6A01F07352; };
		DC6C5827118345D5BF0CA38C /* QuartzCore.framework */ = {isa = PBXBuildFile; fileRef = 6A95D50F16CACFD937CC596D; };
		DD8A8DDFA780D39687CC4EE6 /* PluginProcessor.cpp */ = {isa = PBXBuildFile; fileRef = 6AA11BA859BD952705D673C8; };
		EAEE860AC05F73EBC4B1444F /* Carbon.framework */ = {isa = PBXBuildFile; fileRef = EB8B0D2D1F78F68758DEC3EB; };
		EBDBD941B6BA49B13C0AE02F /* SfzRegion.cpp */ = {isa = PBXBuildFile; fileRef = 9F20C8BBBDC45D1A6351579A; };
		EEAD3C8802857C57A31088DC /* AU */ = {isa = PBXBuildFile; fileRef = 53FEDB8D7D5391237026542C; };
		F3374AF38858692CC5EFFAF5 /* include_juce_gui_basics.mm */ = {isa = PBXBuildFile; fileRef = 83574D89170A03AA28A33EC9; };
/* End PBXBuildFile section */

/* Begin PBXFileReference section */
		01AF9E722D286F2A95747F3E /* Info-Standalone_Plugin.plist */ /* Info-Standalone_Plugin.plist */ = {isa = PBXFileReference; lastKnownFileType = text.plist.xml; name = "Info-Standalone_Plugin.plist"; path = "Info-Standalone_Plugin.plist"; sourceTree = SOURCE_ROOT; };
		026C8A36ECF572C30513BDC6 /* include_juce_audio_plugin_client_VST_utils.mm */ /* include_juce_audio_plugin_client_VST_utils.mm */ = {isa = PBXFileReference; lastKnownFileType = sourcecode.cpp.objcpp; name = include_juce_audio_plugin_client_VST_utils.mm; path = ../../JuceLibraryCode/include_juce_audio_plugin_client_VST_utils.mm; sourceTree = SOURCE_ROOT; };
		026D731F3CA8868FB01C2E89 /* CoreAudioKit.framework */ /* CoreAudioKit.framework */ = {isa = PBXFileReference; lastKnownFileType = wrapper.framework; name = CoreAudioKit.framework; path = System/Library/Frameworks/CoreAudioKit.framework; sourceTree = SDKROOT; };
		062783826C7C7E97477269E0 /* PluginProcessor.h */ /* PluginProcessor.h */ = {isa = PBXFileReference; lastKnownFileType = sourcecode.c.h; name = PluginProcessor.h; path = ../../Source/PluginProcessor.h; sourceTree = SOURCE_ROOT; };
		08C2F81B5715076E1CA7512F /* include_juce_data_structures.mm */ /* include_juce_data_structures.mm */ = {isa = PBXFileReference; lastKnownFileType = sourcecode.cpp.objcpp; name = include_juce_data_structures.mm; path = ../../JuceLibraryCode/include_juce_data_structures.mm; sourceTree = SOURCE_ROOT; };
		0A9A08B8E654BFDD88921F08 /* include_juce_graphics.mm */ /* include_juce_graphics.mm */ = {isa = PBXFileReference; lastKnownFileType = sourcecode.cpp.objcpp; name = include_juce_graphics.mm; path = ../../JuceLibraryCode/include_juce_graphics.mm; sourceTree = SOURCE_ROOT; };
		0B50CA4D1C0ACCE8DE0B37B1 /* SfzGlobals.h */ /* SfzGlobals.h */ = {isa = PBXFileReference; lastKnownFileType = sourcecode.c.h; name = SfzGlobals.h; path = ../../Source/SfzGlobals.h; sourceTree = SOURCE_ROOT; };
		0B53B4060F9B2764515B68BA /* JuceHelpers.h */ /* JuceHelpers.h */ = {isa = PBXFileReference; lastKnownFileType = sourcecode.c.h; name = JuceHelpers.h; path = ../../Source/JuceHelpers.h; sourceTree = SOURCE_ROOT; };
		0BB9FC5002AAE6E3A82403DF /* Accelerate.framework */ /* Accelerate.framework */ = {isa = PBXFileReference; lastKnownFileType = wrapper.framework; name = Accelerate.framework; path = System/Library/Frameworks/Accelerate.framework; sourceTree = SDKROOT; };
		0C38C6E1A79CB48429422B71 /* Info-AU.plist */ /* Info-AU.plist */ = {isa = PBXFileReference; lastKnownFileType = text.plist.xml; name = "Info-AU.plist"; path = "Info-AU.plist"; sourceTree = SOURCE_ROOT; };
		12B7958A44C81306ED3187CF /* JuceHeader.h */ /* JuceHeader.h */ = {isa = PBXFileReference; lastKnownFileType = sourcecode.c.h; name = JuceHeader.h; path = ../../JuceLibraryCode/JuceHeader.h; sourceTree = SOURCE_ROOT; };
		19E996277AEA90CA387CEA93 /* SfzVoice.h */ /* SfzVoice.h */ = {isa = PBXFileReference; lastKnownFileType = sourcecode.c.h; name = SfzVoice.h; path = ../../Source/SfzVoice.h; sourceTree = SOURCE_ROOT; };
		1BFF9A85DC2F506334DE0E4F /* juce_events */ /* juce_events */ = {isa = PBXFileReference; lastKnownFileType = folder; name = juce_events; path = /Applications/JUCE/modules/juce_events; sourceTree = "<absolute>"; };
		1F13D092FB0DE8D2D86E5324 /* SfzRegion.h */ /* SfzRegion.h */ = {isa = PBXFileReference; lastKnownFileType = sourcecode.c.h; name = SfzRegion.h; path = ../../Source/SfzRegion.h; sourceTree = SOURCE_ROOT; };
		2697BF6F36638D8B2A327528 /* include_juce_audio_plugin_client_Standalone.cpp */ /* include_juce_audio_plugin_client_Standalone.cpp */ = {isa = PBXFileReference; lastKnownFileType = sourcecode.cpp.cpp; name = include_juce_audio_plugin_client_Standalone.cpp; path = ../../JuceLibraryCode/include_juce_audio_plugin_client_Standalone.cpp; sourceTree = SOURCE_ROOT; };
		28E1B8983803903E6C54375F /* include_juce_audio_devices.mm */ /* include_juce_audio_devices.mm */ = {isa = PBXFileReference; lastKnownFileType = sourcecode.cpp.objcpp; name = include_juce_audio_devices.mm; path = ../../JuceLibraryCode/include_juce_audio_devices.mm; sourceTree = SOURCE_ROOT; };
		294927CECC850DFBCA8A3E46 /* juce_audio_plugin_client */ /* juce_audio_plugin_client */ = {isa = PBXFileReference; lastKnownFileType = folder; name = juce_audio_plugin_client; path = /Applications/JUCE/modules/juce_audio_plugin_client; sourceTree = "<absolute>"; };
		2E97805A553C4FE352509E37 /* SfzDefaults.h */ /* SfzDefaults.h */ = {isa = PBXFileReference; lastKnownFileType = sourcecode.c.h; name = SfzDefaults.h; path = ../../Source/SfzDefaults.h; sourceTree = SOURCE_ROOT; };
		3228F1305CEC04638F93E007 /* SfzSynth.cpp */ /* SfzSynth.cpp */ = {isa = PBXFileReference; lastKnownFileType = sourcecode.cpp.cpp; name = SfzSynth.cpp; path = ../../Source/SfzSynth.cpp; sourceTree = SOURCE_ROOT; };
		32D63F44E3BF20928EE2FF68 /* include_juce_core.mm */ /* include_juce_core.mm */ = {isa = PBXFileReference; lastKnownFileType = sourcecode.cpp.objcpp; name = include_juce_core.mm; path = ../../JuceLibraryCode/include_juce_core.mm; sourceTree = SOURCE_ROOT; };
		3E63D6BC1CC8C9492D2422F6 /* include_juce_audio_plugin_client_AU_1.mm */ /* include_juce_audio_plugin_client_AU_1.mm */ = {isa = PBXFileReference; lastKnownFileType = sourcecode.cpp.objcpp; name = include_juce_audio_plugin_client_AU_1.mm; path = ../../JuceLibraryCode/include_juce_audio_plugin_client_AU_1.mm; sourceTree = SOURCE_ROOT; };
		402ED6E9B9F771F06E886E80 /* IOKit.framework */ /* IOKit.framework */ = {isa = PBXFileReference; lastKnownFileType = wrapper.framework; name = IOKit.framework; path = System/Library/Frameworks/IOKit.framework; sourceTree = SDKROOT; };
		4E8374F14546E8D8A79CEDF5 /* juce_audio_basics */ /* juce_audio_basics */ = {isa = PBXFileReference; lastKnownFileType = folder; name = juce_audio_basics; path = /Applications/JUCE/modules/juce_audio_basics; sourceTree = "<absolute>"; };
		53FEDB8D7D5391237026542C /* AU */ = {isa = PBXFileReference; explicitFileType = wrapper.cfbundle; includeInIndex = 0; path = sfizz.component; sourceTree = BUILT_PRODUCTS_DIR; };
		583BD7CA6CAC4A6A01F07352 /* VST3 */ = {isa = PBXFileReference; explicitFileType = wrapper.cfbundle; includeInIndex = 0; path = sfizz.vst3; sourceTree = BUILT_PRODUCTS_DIR; };
		5D33F9EF0CFC57402B4EA2B2 /* juce_audio_devices */ /* juce_audio_devices */ = {isa = PBXFileReference; lastKnownFileType = folder; name = juce_audio_devices; path = /Applications/JUCE/modules/juce_audio_devices; sourceTree = "<absolute>"; };
		677C4E85BDF0981FD87A4AD4 /* PluginEditor.cpp */ /* PluginEditor.cpp */ = {isa = PBXFileReference; lastKnownFileType = sourcecode.cpp.cpp; name = PluginEditor.cpp; path = ../../Source/PluginEditor.cpp; sourceTree = SOURCE_ROOT; };
		68C69179A34250529323A7B6 /* juce_core */ /* juce_core */ = {isa = PBXFileReference; lastKnownFileType = folder; name = juce_core; path = /Applications/JUCE/modules/juce_core; sourceTree = "<absolute>"; };
		6A95D50F16CACFD937CC596D /* QuartzCore.framework */ /* QuartzCore.framework */ = {isa = PBXFileReference; lastKnownFileType = wrapper.framework; name = QuartzCore.framework; path = System/Library/Frameworks/QuartzCore.framework; sourceTree = SDKROOT; };
		6AA11BA859BD952705D673C8 /* PluginProcessor.cpp */ /* PluginProcessor.cpp */ = {isa = PBXFileReference; lastKnownFileType = sourcecode.cpp.cpp; name = PluginProcessor.cpp; path = ../../Source/PluginProcessor.cpp; sourceTree = SOURCE_ROOT; };
		751F8072C804B83CE4EB7476 /* RecentFilesMenuTemplate.nib */ /* RecentFilesMenuTemplate.nib */ = {isa = PBXFileReference; lastKnownFileType = file.nib; name = RecentFilesMenuTemplate.nib; path = RecentFilesMenuTemplate.nib; sourceTree = SOURCE_ROOT; };
		7ADA9FA49A215A18B14768F7 /* juce_audio_utils */ /* juce_audio_utils */ = {isa = PBXFileReference; lastKnownFileType = folder; name = juce_audio_utils; path = /Applications/JUCE/modules/juce_audio_utils; sourceTree = "<absolute>"; };
		7C39004072720FBF3B3EC3CB /* include_juce_audio_plugin_client_AU_2.mm */ /* include_juce_audio_plugin_client_AU_2.mm */ = {isa = PBXFileReference; lastKnownFileType = sourcecode.cpp.objcpp; name = include_juce_audio_plugin_client_AU_2.mm; path = ../../JuceLibraryCode/include_juce_audio_plugin_client_AU_2.mm; sourceTree = SOURCE_ROOT; };
		7D19418EF3BD1365865F575C /* Foundation.framework */ /* Foundation.framework */ = {isa = PBXFileReference; lastKnownFileType = wrapper.framework; name = Foundation.framework; path = System/Library/Frameworks/Foundation.framework; sourceTree = SDKROOT; };
		7D429D69FA2E11A64F64DE92 /* CoreMIDI.framework */ /* CoreMIDI.framework */ = {isa = PBXFileReference; lastKnownFileType = wrapper.framework; name = CoreMIDI.framework; path = System/Library/Frameworks/CoreMIDI.framework; sourceTree = SDKROOT; };
		80A5E064FD9343384C596F50 /* SfzCCEnvelope.h */ /* SfzCCEnvelope.h */ = {isa = PBXFileReference; lastKnownFileType = sourcecode.c.h; name = SfzCCEnvelope.h; path = ../../Source/SfzCCEnvelope.h; sourceTree = SOURCE_ROOT; };
		83574D89170A03AA28A33EC9 /* include_juce_gui_basics.mm */ /* include_juce_gui_basics.mm */ = {isa = PBXFileReference; lastKnownFileType = sourcecode.cpp.objcpp; name = include_juce_gui_basics.mm; path = ../../JuceLibraryCode/include_juce_gui_basics.mm; sourceTree = SOURCE_ROOT; };
		85ECB3242357F40EBEB81A8C /* PluginEditor.h */ /* PluginEditor.h */ = {isa = PBXFileReference; lastKnownFileType = sourcecode.c.h; name = PluginEditor.h; path = ../../Source/PluginEditor.h; sourceTree = SOURCE_ROOT; };
		89666064EFDD30E403D3C15D /* Standalone Plugin */ = {isa = PBXFileReference; explicitFileType = wrapper.application; includeInIndex = 0; path = sfizz.app; sourceTree = BUILT_PRODUCTS_DIR; };
		89E8811E22A4FDBA64E548BF /* include_juce_audio_utils.mm */ /* include_juce_audio_utils.mm */ = {isa = PBXFileReference; lastKnownFileType = sourcecode.cpp.objcpp; name = include_juce_audio_utils.mm; path = ../../JuceLibraryCode/include_juce_audio_utils.mm; sourceTree = SOURCE_ROOT; };
		966F3EB258A5D94DC0F399EA /* include_juce_gui_extra.mm */ /* include_juce_gui_extra.mm */ = {isa = PBXFileReference; lastKnownFileType = sourcecode.cpp.objcpp; name = include_juce_gui_extra.mm; path = ../../JuceLibraryCode/include_juce_gui_extra.mm; sourceTree = SOURCE_ROOT; };
		9B804CB559A5148A56171B96 /* SfzContainer.h */ /* SfzContainer.h */ = {isa = PBXFileReference; lastKnownFileType = sourcecode.c.h; name = SfzContainer.h; path = ../../Source/SfzContainer.h; sourceTree = SOURCE_ROOT; };
		9F20C8BBBDC45D1A6351579A /* SfzRegion.cpp */ /* SfzRegion.cpp */ = {isa = PBXFileReference; lastKnownFileType = sourcecode.cpp.cpp; name = SfzRegion.cpp; path = ../../Source/SfzRegion.cpp; sourceTree = SOURCE_ROOT; };
		A14660A6776F66305D11CD31 /* Info-VST3.plist */ /* Info-VST3.plist */ = {isa = PBXFileReference; lastKnownFileType = text.plist.xml; name = "Info-VST3.plist"; path = "Info-VST3.plist"; sourceTree = SOURCE_ROOT; };
		A2933FA80BD62B44E2D0717B /* juce_dsp */ /* juce_dsp */ = {isa = PBXFileReference; lastKnownFileType = folder; name = juce_dsp; path = /Applications/JUCE/modules/juce_dsp; sourceTree = "<absolute>"; };
		A2CD42BD8FD66A7AE37E5019 /* SfzEnvelope.h */ /* SfzEnvelope.h */ = {isa = PBXFileReference; lastKnownFileType = sourcecode.c.h; name = SfzEnvelope.h; path = ../../Source/SfzEnvelope.h; sourceTree = SOURCE_ROOT; };
		B7F1826E087571D1F13475BA /* include_juce_dsp.mm */ /* include_juce_dsp.mm */ = {isa = PBXFileReference; lastKnownFileType = sourcecode.cpp.objcpp; name = include_juce_dsp.mm; path = ../../JuceLibraryCode/include_juce_dsp.mm; sourceTree = SOURCE_ROOT; };
		B8345C2AC57AEC08FA3A1923 /* include_juce_audio_plugin_client_VST3.cpp */ /* include_juce_audio_plugin_client_VST3.cpp */ = {isa = PBXFileReference; lastKnownFileType = sourcecode.cpp.cpp; name = include_juce_audio_plugin_client_VST3.cpp; path = ../../JuceLibraryCode/include_juce_audio_plugin_client_VST3.cpp; sourceTree = SOURCE_ROOT; };
		BA66246B716ABD30D030D0FF /* AudioUnit.framework */ /* AudioUnit.framework */ = {isa = PBXFileReference; lastKnownFileType = wrapper.framework; name = AudioUnit.framework; path = System/Library/Frameworks/AudioUnit.framework; sourceTree = SDKROOT; };
		BCBE2F1D08B1892AF633260E /* Cocoa.framework */ /* Cocoa.framework */ = {isa = PBXFileReference; lastKnownFileType = wrapper.framework; name = Cocoa.framework; path = System/Library/Frameworks/Cocoa.framework; sourceTree = SDKROOT; };
		BF112B8949EF67F0A861C420 /* SfzOpcode.h */ /* SfzOpcode.h */ = {isa = PBXFileReference; lastKnownFileType = sourcecode.c.h; name = SfzOpcode.h; path = ../../Source/SfzOpcode.h; sourceTree = SOURCE_ROOT; };
		C10762A1A4A01F97AEF1DAAC /* SfzVoice.cpp */ /* SfzVoice.cpp */ = {isa = PBXFileReference; lastKnownFileType = sourcecode.cpp.cpp; name = SfzVoice.cpp; path = ../../Source/SfzVoice.cpp; sourceTree = SOURCE_ROOT; };
		C108FC95039A8F0D1971E024 /* juce_audio_formats */ /* juce_audio_formats */ = {isa = PBXFileReference; lastKnownFileType = folder; name = juce_audio_formats; path = /Applications/JUCE/modules/juce_audio_formats; sourceTree = "<absolute>"; };
		C2ABC1DAEB0040D0B3CD2B8E /* juce_audio_processors */ /* juce_audio_processors */ = {isa = PBXFileReference; lastKnownFileType = folder; name = juce_audio_processors; path = /Applications/JUCE/modules/juce_audio_processors; sourceTree = "<absolute>"; };
		C493560DF119D5940F2EBEB9 /* CoreAudio.framework */ /* CoreAudio.framework */ = {isa = PBXFileReference; lastKnownFileType = wrapper.framework; name = CoreAudio.framework; path = System/Library/Frameworks/CoreAudio.framework; sourceTree = SDKROOT; };
		CEB0D0E5DE6732E8759669FA /* SfzFilePool.h */ /* SfzFilePool.h */ = {isa = PBXFileReference; lastKnownFileType = sourcecode.c.h; name = SfzFilePool.h; path = ../../Source/SfzFilePool.h; sourceTree = SOURCE_ROOT; };
		D04D6A25267D1CE0BCCFE4DD /* DiscRecording.framework */ /* DiscRecording.framework */ = {isa = PBXFileReference; lastKnownFileType = wrapper.framework; name = DiscRecording.framework; path = System/Library/Frameworks/DiscRecording.framework; sourceTree = SDKROOT; };
		D0618533C4B5C9F03180A268 /* juce_graphics */ /* juce_graphics */ = {isa = PBXFileReference; lastKnownFileType = folder; name = juce_graphics; path = /Applications/JUCE/modules/juce_graphics; sourceTree = "<absolute>"; };
		D22E320E389CB4D976E22174 /* include_juce_audio_plugin_client_utils.cpp */ /* include_juce_audio_plugin_client_utils.cpp */ = {isa = PBXFileReference; lastKnownFileType = sourcecode.cpp.cpp; name = include_juce_audio_plugin_client_utils.cpp; path = ../../JuceLibraryCode/include_juce_audio_plugin_client_utils.cpp; sourceTree = SOURCE_ROOT; };
		D528EEC31B77D8AA212B8658 /* AudioToolbox.framework */ /* AudioToolbox.framework */ = {isa = PBXFileReference; lastKnownFileType = wrapper.framework; name = AudioToolbox.framework; path = System/Library/Frameworks/AudioToolbox.framework; sourceTree = SDKROOT; };
		DA50B4BC0B1BB2D132FC9BD4 /* include_juce_audio_basics.mm */ /* include_juce_audio_basics.mm */ = {isa = PBXFileReference; lastKnownFileType = sourcecode.cpp.objcpp; name = include_juce_audio_basics.mm; path = ../../JuceLibraryCode/include_juce_audio_basics.mm; sourceTree = SOURCE_ROOT; };
		DA861F41B2574F3D143502B6 /* include_juce_events.mm */ /* include_juce_events.mm */ = {isa = PBXFileReference; lastKnownFileType = sourcecode.cpp.objcpp; name = include_juce_events.mm; path = ../../JuceLibraryCode/include_juce_events.mm; sourceTree = SOURCE_ROOT; };
		DE1165A0FBFFC15341BE6BAE /* SfzSynth.h */ /* SfzSynth.h */ = {isa = PBXFileReference; lastKnownFileType = sourcecode.c.h; name = SfzSynth.h; path = ../../Source/SfzSynth.h; sourceTree = SOURCE_ROOT; };
		EA04AA9DC9899DC635BE1963 /* JucePluginDefines.h */ /* JucePluginDefines.h */ = {isa = PBXFileReference; lastKnownFileType = sourcecode.c.h; name = JucePluginDefines.h; path = ../../JuceLibraryCode/JucePluginDefines.h; sourceTree = SOURCE_ROOT; };
		EA6F1B47AC87E441D89034BA /* Shared Code */ = {isa = PBXFileReference; explicitFileType = archive.ar; includeInIndex = 0; path = libsfizz.a; sourceTree = BUILT_PRODUCTS_DIR; };
		EB8B0D2D1F78F68758DEC3EB /* Carbon.framework */ /* Carbon.framework */ = {isa = PBXFileReference; lastKnownFileType = wrapper.framework; name = Carbon.framework; path = System/Library/Frameworks/Carbon.framework; sourceTree = SDKROOT; };
		EE2A3CA7205CFDB5373520CC /* juce_data_structures */ /* juce_data_structures */ = {isa = PBXFileReference; lastKnownFileType = folder; name = juce_data_structures; path = /Applications/JUCE/modules/juce_data_structures; sourceTree = "<absolute>"; };
		F01D4982FD810808840F8F04 /* AppConfig.h */ /* AppConfig.h */ = {isa = PBXFileReference; lastKnownFileType = sourcecode.c.h; name = AppConfig.h; path = ../../JuceLibraryCode/AppConfig.h; sourceTree = SOURCE_ROOT; };
		F0CF9234DEF7CB7EC1F1DBF6 /* juce_gui_extra */ /* juce_gui_extra */ = {isa = PBXFileReference; lastKnownFileType = folder; name = juce_gui_extra; path = /Applications/JUCE/modules/juce_gui_extra; sourceTree = "<absolute>"; };
		F1BAE9E81583674B6226AC54 /* include_juce_audio_formats.mm */ /* include_juce_audio_formats.mm */ = {isa = PBXFileReference; lastKnownFileType = sourcecode.cpp.objcpp; name = include_juce_audio_formats.mm; path = ../../JuceLibraryCode/include_juce_audio_formats.mm; sourceTree = SOURCE_ROOT; };
		F58E169C6E7DBA3897796187 /* WebKit.framework */ /* WebKit.framework */ = {isa = PBXFileReference; lastKnownFileType = wrapper.framework; name = WebKit.framework; path = System/Library/Frameworks/WebKit.framework; sourceTree = SDKROOT; };
		FB28AEB0D740EF5D20CA9010 /* include_juce_audio_plugin_client_AU.r */ /* include_juce_audio_plugin_client_AU.r */ = {isa = PBXFileReference; lastKnownFileType = file.r; name = include_juce_audio_plugin_client_AU.r; path = ../../JuceLibraryCode/include_juce_audio_plugin_client_AU.r; sourceTree = SOURCE_ROOT; };
		FE37DB6A5069B5C190D97435 /* include_juce_audio_processors.mm */ /* include_juce_audio_processors.mm */ = {isa = PBXFileReference; lastKnownFileType = sourcecode.cpp.objcpp; name = include_juce_audio_processors.mm; path = ../../JuceLibraryCode/include_juce_audio_processors.mm; sourceTree = SOURCE_ROOT; };
		FF14FAF6F95E878A75CBDB35 /* juce_gui_basics */ /* juce_gui_basics */ = {isa = PBXFileReference; lastKnownFileType = folder; name = juce_gui_basics; path = /Applications/JUCE/modules/juce_gui_basics; sourceTree = "<absolute>"; };
/* End PBXFileReference section */

/* Begin PBXFrameworksBuildPhase section */
		166B11793FDCA6BD496EC548 = {
			isa = PBXFrameworksBuildPhase;
			buildActionMask = 2147483647;
			files = (
				830A5B9A7E47AE4A26213219,
				9DF8DC1FB3449A01EFB64532,
				EAEE860AC05F73EBC4B1444F,
				637932EEC17364E7B6B02CD6,
				BDDB0CB606A7C4E22A141D45,
				2A57599056074FFF7C68E34D,
				79E6D969B7426CE6157E728E,
				0D1C73F82D8995F835B89E53,
				ACF525754904574B232BE13B,
				B6EF1AC6052B100A16100E78,
				DC6C5827118345D5BF0CA38C,
				C3B1C0937575D91825E17A19,
			);
			runOnlyForDeploymentPostprocessing = 0;
		};
		49F69C4530E66B188F82BEA1 = {
			isa = PBXFrameworksBuildPhase;
			buildActionMask = 2147483647;
			files = (
				86B93073C238C0D238B236B2,
				830A5B9A7E47AE4A26213219,
				9DF8DC1FB3449A01EFB64532,
				EAEE860AC05F73EBC4B1444F,
				637932EEC17364E7B6B02CD6,
				BDDB0CB606A7C4E22A141D45,
				2A57599056074FFF7C68E34D,
				79E6D969B7426CE6157E728E,
				0D1C73F82D8995F835B89E53,
				ACF525754904574B232BE13B,
				B6EF1AC6052B100A16100E78,
				DC6C5827118345D5BF0CA38C,
				C3B1C0937575D91825E17A19,
			);
			runOnlyForDeploymentPostprocessing = 0;
		};
		F3501883DBCF69784A2D1ED3 = {
			isa = PBXFrameworksBuildPhase;
			buildActionMask = 2147483647;
			files = (
				830A5B9A7E47AE4A26213219,
				9DF8DC1FB3449A01EFB64532,
				EAEE860AC05F73EBC4B1444F,
				637932EEC17364E7B6B02CD6,
				BDDB0CB606A7C4E22A141D45,
				2A57599056074FFF7C68E34D,
				79E6D969B7426CE6157E728E,
				0D1C73F82D8995F835B89E53,
				ACF525754904574B232BE13B,
				B6EF1AC6052B100A16100E78,
				DC6C5827118345D5BF0CA38C,
				C3B1C0937575D91825E17A19,
			);
			runOnlyForDeploymentPostprocessing = 0;
		};
/* End PBXFrameworksBuildPhase section */

/* Begin PBXGroup section */
		037202BF4095371D7CA7E506 /* Source */ = {
			isa = PBXGroup;
			children = (
				0B53B4060F9B2764515B68BA,
				80A5E064FD9343384C596F50,
				9B804CB559A5148A56171B96,
				2E97805A553C4FE352509E37,
				A2CD42BD8FD66A7AE37E5019,
				CEB0D0E5DE6732E8759669FA,
				0B50CA4D1C0ACCE8DE0B37B1,
				BF112B8949EF67F0A861C420,
				9F20C8BBBDC45D1A6351579A,
				1F13D092FB0DE8D2D86E5324,
				3228F1305CEC04638F93E007,
				DE1165A0FBFFC15341BE6BAE,
				C10762A1A4A01F97AEF1DAAC,
				19E996277AEA90CA387CEA93,
				6AA11BA859BD952705D673C8,
				062783826C7C7E97477269E0,
				677C4E85BDF0981FD87A4AD4,
				85ECB3242357F40EBEB81A8C,
			);
			name = Source;
			sourceTree = "<group>";
		};
		06C49C5E4ED4923B67E0B7C3 /* Frameworks */ = {
			isa = PBXGroup;
			children = (
				BA66246B716ABD30D030D0FF,
				0BB9FC5002AAE6E3A82403DF,
				D528EEC31B77D8AA212B8658,
				EB8B0D2D1F78F68758DEC3EB,
				BCBE2F1D08B1892AF633260E,
				C493560DF119D5940F2EBEB9,
				026D731F3CA8868FB01C2E89,
				7D429D69FA2E11A64F64DE92,
				D04D6A25267D1CE0BCCFE4DD,
				7D19418EF3BD1365865F575C,
				402ED6E9B9F771F06E886E80,
				6A95D50F16CACFD937CC596D,
				F58E169C6E7DBA3897796187,
			);
			name = Frameworks;
			sourceTree = "<group>";
		};
		6BA077440AE9313DAD393614 /* Products */ = {
			isa = PBXGroup;
			children = (
				583BD7CA6CAC4A6A01F07352,
				53FEDB8D7D5391237026542C,
				89666064EFDD30E403D3C15D,
				EA6F1B47AC87E441D89034BA,
			);
			name = Products;
			sourceTree = "<group>";
		};
		79A411698D85A10C238931C4 /* JUCE Library Code */ = {
			isa = PBXGroup;
			children = (
				F01D4982FD810808840F8F04,
				DA50B4BC0B1BB2D132FC9BD4,
				28E1B8983803903E6C54375F,
				F1BAE9E81583674B6226AC54,
				FB28AEB0D740EF5D20CA9010,
				3E63D6BC1CC8C9492D2422F6,
				7C39004072720FBF3B3EC3CB,
				2697BF6F36638D8B2A327528,
				D22E320E389CB4D976E22174,
				026C8A36ECF572C30513BDC6,
				B8345C2AC57AEC08FA3A1923,
				FE37DB6A5069B5C190D97435,
				89E8811E22A4FDBA64E548BF,
				32D63F44E3BF20928EE2FF68,
				08C2F81B5715076E1CA7512F,
				B7F1826E087571D1F13475BA,
				DA861F41B2574F3D143502B6,
				0A9A08B8E654BFDD88921F08,
				83574D89170A03AA28A33EC9,
				966F3EB258A5D94DC0F399EA,
				12B7958A44C81306ED3187CF,
				EA04AA9DC9899DC635BE1963,
			);
			name = "JUCE Library Code";
			sourceTree = "<group>";
		};
		7FC26F8BC29419EF7959F9EC /* sfizz */ = {
			isa = PBXGroup;
			children = (
				037202BF4095371D7CA7E506,
			);
			name = sfizz;
			sourceTree = "<group>";
		};
		80A1DDBF91EAE24EF4FF9434 /* JUCE Modules */ = {
			isa = PBXGroup;
			children = (
				4E8374F14546E8D8A79CEDF5,
				5D33F9EF0CFC57402B4EA2B2,
				C108FC95039A8F0D1971E024,
				294927CECC850DFBCA8A3E46,
				C2ABC1DAEB0040D0B3CD2B8E,
				7ADA9FA49A215A18B14768F7,
				68C69179A34250529323A7B6,
				EE2A3CA7205CFDB5373520CC,
				A2933FA80BD62B44E2D0717B,
				1BFF9A85DC2F506334DE0E4F,
				D0618533C4B5C9F03180A268,
				FF14FAF6F95E878A75CBDB35,
				F0CF9234DEF7CB7EC1F1DBF6,
			);
			name = "JUCE Modules";
			sourceTree = "<group>";
		};
		DE504AB896688E529BE350B4 /* Resources */ = {
			isa = PBXGroup;
			children = (
				A14660A6776F66305D11CD31,
				0C38C6E1A79CB48429422B71,
				01AF9E722D286F2A95747F3E,
				751F8072C804B83CE4EB7476,
			);
			name = Resources;
			sourceTree = "<group>";
		};
		F4D0EFA3FC00E5CCE247823F /* Source */ = {
			isa = PBXGroup;
			children = (
				7FC26F8BC29419EF7959F9EC,
				80A1DDBF91EAE24EF4FF9434,
				79A411698D85A10C238931C4,
				DE504AB896688E529BE350B4,
				06C49C5E4ED4923B67E0B7C3,
				6BA077440AE9313DAD393614,
			);
			name = Source;
			sourceTree = "<group>";
		};
/* End PBXGroup section */

/* Begin PBXNativeTarget section */
		6E3E124FBCA4E14E1CEA63F1 /* sfizz - Standalone Plugin */ = {
			isa = PBXNativeTarget;
			buildConfigurationList = 2A1AD2C5FA24DBA6408ABD99;
			buildPhases = (
				E6D7DD6A2A4B4634ED6E8F88,
				CB8561A37D17253188EFBD57,
				F3501883DBCF69784A2D1ED3,
			);
			buildRules = (
			);
			dependencies = (
				481B515B60A245765D99D199,
			);
			name = "sfizz - Standalone Plugin";
			productName = sfizz;
			productReference = 89666064EFDD30E403D3C15D;
			productType = "com.apple.product-type.application";
		};
		9C3E09FC23208E84E2DBF7DA /* sfizz - VST3 */ = {
			isa = PBXNativeTarget;
			buildConfigurationList = 837884C7468DBF3A1FCA8161;
			buildPhases = (
				5ED46BF3BE06B17D7BDCF739,
				B6659B990603971B174B600D,
				166B11793FDCA6BD496EC548,
			);
			buildRules = (
			);
			dependencies = (
				6F732C2BCAE9B56E55FBD4FE,
			);
			name = "sfizz - VST3";
			productName = sfizz;
			productReference = 583BD7CA6CAC4A6A01F07352;
			productType = "com.apple.product-type.bundle";
		};
		B1240390D0C4E9FF76C1C9A2 /* sfizz - Shared Code */ = {
			isa = PBXNativeTarget;
			buildConfigurationList = D191BD5517892DC8BC4ECA8D;
			buildPhases = (
				7226A8EF102416C64003605E,
			);
			buildRules = (
			);
			dependencies = (
			);
			name = "sfizz - Shared Code";
			productName = sfizz;
			productReference = EA6F1B47AC87E441D89034BA;
			productType = "com.apple.product-type.library.static";
		};
		E5E6BC2893A7F6DF78D67120 /* sfizz - AU */ = {
			isa = PBXNativeTarget;
			buildConfigurationList = 24C5E4D055E5CDAAEA0E835A;
			buildPhases = (
				B781754C506B4A85EB5A68C1,
				AFD311774A0AB454F0374A70,
				7D4ED4B6C5FA04C9BC3930FF,
				49F69C4530E66B188F82BEA1,
			);
			buildRules = (
			);
			dependencies = (
				3222C875637290B5638A4263,
			);
			name = "sfizz - AU";
			productName = sfizz;
			productReference = 53FEDB8D7D5391237026542C;
			productType = "com.apple.product-type.bundle";
		};
/* End PBXNativeTarget section */

/* Begin PBXProject section */
		AA0A677108E002D2FFC8741B = {
			isa = PBXProject;
			attributes = {
				LastUpgradeCheck = 1240;
				ORGANIZATIONNAME = "SFZTools";
				TargetAttributes = {
					6E3E124FBCA4E14E1CEA63F1 = {
						SystemCapabilities = {
							com.apple.ApplicationGroups.iOS = {
								enabled = 0;
							};
							com.apple.HardenedRuntime = {
								enabled = 0;
							};
							com.apple.InAppPurchase = {
								enabled = 0;
							};
							com.apple.InterAppAudio = {
								enabled = 0;
							};
							com.apple.Push = {
								enabled = 0;
							};
							com.apple.Sandbox = {
								enabled = 0;
							};
						};
					};
					9C3E09FC23208E84E2DBF7DA = {
						SystemCapabilities = {
							com.apple.ApplicationGroups.iOS = {
								enabled = 0;
							};
							com.apple.HardenedRuntime = {
								enabled = 0;
							};
							com.apple.InAppPurchase = {
								enabled = 0;
							};
							com.apple.InterAppAudio = {
								enabled = 0;
							};
							com.apple.Push = {
								enabled = 0;
							};
							com.apple.Sandbox = {
								enabled = 0;
							};
						};
					};
					B1240390D0C4E9FF76C1C9A2 = {
						SystemCapabilities = {
							com.apple.ApplicationGroups.iOS = {
								enabled = 0;
							};
							com.apple.HardenedRuntime = {
								enabled = 0;
							};
							com.apple.InAppPurchase = {
								enabled = 0;
							};
							com.apple.InterAppAudio = {
								enabled = 0;
							};
							com.apple.Push = {
								enabled = 0;
							};
							com.apple.Sandbox = {
								enabled = 0;
							};
						};
					};
					CE9CC0EE38B63973FC8AB60A = {
						SystemCapabilities = {
							com.apple.ApplicationGroups.iOS = {
								enabled = 0;
							};
							com.apple.HardenedRuntime = {
								enabled = 0;
							};
							com.apple.InAppPurchase = {
								enabled = 0;
							};
							com.apple.InterAppAudio = {
								enabled = 0;
							};
							com.apple.Push = {
								enabled = 0;
							};
							com.apple.Sandbox = {
								enabled = 0;
							};
						};
					};
					E5E6BC2893A7F6DF78D67120 = {
						SystemCapabilities = {
							com.apple.ApplicationGroups.iOS = {
								enabled = 0;
							};
							com.apple.HardenedRuntime = {
								enabled = 0;
							};
							com.apple.InAppPurchase = {
								enabled = 0;
							};
							com.apple.InterAppAudio = {
								enabled = 0;
							};
							com.apple.Push = {
								enabled = 0;
							};
							com.apple.Sandbox = {
								enabled = 0;
							};
						};
					};
				};
			};
			buildConfigurationList = EA0C7150C1C4E22C512F1844;
			compatibilityVersion = "Xcode 3.2";
			hasScannedForEncodings = 0;
			knownRegions = (
				en,
				Base,
			);
			mainGroup = F4D0EFA3FC00E5CCE247823F;
			projectDirPath = "";
			projectRoot = "";
			targets = (
				CE9CC0EE38B63973FC8AB60A,
				9C3E09FC23208E84E2DBF7DA,
				E5E6BC2893A7F6DF78D67120,
				6E3E124FBCA4E14E1CEA63F1,
				B1240390D0C4E9FF76C1C9A2,
			);
		};
/* End PBXProject section */

/* Begin PBXResourcesBuildPhase section */
		5ED46BF3BE06B17D7BDCF739 = {
			isa = PBXResourcesBuildPhase;
			buildActionMask = 2147483647;
			files = (
				9587522BBACB22B0CC37BB1F,
			);
			runOnlyForDeploymentPostprocessing = 0;
		};
		B781754C506B4A85EB5A68C1 = {
			isa = PBXResourcesBuildPhase;
			buildActionMask = 2147483647;
			files = (
				9587522BBACB22B0CC37BB1F,
			);
			runOnlyForDeploymentPostprocessing = 0;
		};
		E6D7DD6A2A4B4634ED6E8F88 = {
			isa = PBXResourcesBuildPhase;
			buildActionMask = 2147483647;
			files = (
				9587522BBACB22B0CC37BB1F,
			);
			runOnlyForDeploymentPostprocessing = 0;
		};
/* End PBXResourcesBuildPhase section */

/* Begin PBXRezBuildPhase section */
		AFD311774A0AB454F0374A70 = {
			isa = PBXRezBuildPhase;
			buildActionMask = 2147483647;
			files = (
				40A828095095504BD4BED2D2,
			);
			runOnlyForDeploymentPostprocessing = 0;
		};
/* End PBXRezBuildPhase section */

/* Begin PBXSourcesBuildPhase section */
		7226A8EF102416C64003605E = {
			isa = PBXSourcesBuildPhase;
			buildActionMask = 2147483647;
			files = (
				EBDBD941B6BA49B13C0AE02F,
				312C5E2846BAEB277C57945C,
				8F35789149305F7F7D29FDA1,
				DD8A8DDFA780D39687CC4EE6,
				A18B6D48CEBDF4AC9BA335F1,
				0F10CB39ED27688F08A95374,
				4DA8DD5CD310F5E1335647EA,
				71E5440D02E6D3DBA746D76F,
				93576B02E64B2E51A41075F1,
				0310B987563D6FA26C1FE711,
				81C0A680E2A7C4A0B9040DBE,
				6C39490B707D5EB050F8E94D,
				3FBA3FB1D85741EC78EB7F6B,
				5B2D2D45D695031A7C63DA33,
				385CCA2423B096ED12F0B09D,
				AEC2864E5CBD85621AB233C1,
				B424E12525C5109940BBE22A,
				F3374AF38858692CC5EFFAF5,
				54C98D3AAA82555638E0FE03,
			);
			runOnlyForDeploymentPostprocessing = 0;
		};
		7D4ED4B6C5FA04C9BC3930FF = {
			isa = PBXSourcesBuildPhase;
			buildActionMask = 2147483647;
			files = (
				006E7048D59EE32EC7AC45C8,
				223D8E136C92F51F2CD3B7D8,
			);
			runOnlyForDeploymentPostprocessing = 0;
		};
		B6659B990603971B174B600D = {
			isa = PBXSourcesBuildPhase;
			buildActionMask = 2147483647;
			files = (
				60482E844EF8711968AF447F,
			);
			runOnlyForDeploymentPostprocessing = 0;
		};
		CB8561A37D17253188EFBD57 = {
			isa = PBXSourcesBuildPhase;
			buildActionMask = 2147483647;
			files = (
				AE39C9073DDFD277797563F1,
			);
			runOnlyForDeploymentPostprocessing = 0;
		};
/* End PBXSourcesBuildPhase section */

/* Begin PBXTargetDependency section */
		174E814992546AF7BB11CA8E = {
			isa = PBXTargetDependency;
			target = 9C3E09FC23208E84E2DBF7DA;
		};
		1D3860E6E6C64D42EE7C16F3 = {
			isa = PBXTargetDependency;
			target = 6E3E124FBCA4E14E1CEA63F1;
		};
		3222C875637290B5638A4263 = {
			isa = PBXTargetDependency;
			target = B1240390D0C4E9FF76C1C9A2;
		};
		481B515B60A245765D99D199 = {
			isa = PBXTargetDependency;
			target = B1240390D0C4E9FF76C1C9A2;
		};
		6F732C2BCAE9B56E55FBD4FE = {
			isa = PBXTargetDependency;
			target = B1240390D0C4E9FF76C1C9A2;
		};
		9103EE65E95656E654D79AFA = {
			isa = PBXTargetDependency;
			target = E5E6BC2893A7F6DF78D67120;
		};
		DEC5AF9883ADF0705715B4F5 = {
			isa = PBXTargetDependency;
			target = B1240390D0C4E9FF76C1C9A2;
		};
/* End PBXTargetDependency section */

/* Begin XCBuildConfiguration section */
		3AFF57E2BE5226A63EDF85FA /* Release */ = {
			isa = XCBuildConfiguration;
			buildSettings = {
				MACOSX_DEPLOYMENT_TARGET = 10.11;
				SDKROOT = macosx;
			};
			name = Release;
		};
		53C5C15D32FF687CE783535C /* Debug */ = {
			isa = XCBuildConfiguration;
			buildSettings = {
				MACOSX_DEPLOYMENT_TARGET = 10.11;
				SDKROOT = macosx;
			};
			name = Debug;
		};
		544667209AC37166242A9BCA /* Release */ = {
			isa = XCBuildConfiguration;
			buildSettings = {
				CLANG_CXX_LANGUAGE_STANDARD = "c++17";
				CLANG_CXX_LIBRARY = "libc++";
				CLANG_LINK_OBJC_RUNTIME = NO;
				CODE_SIGN_IDENTITY = "";
				COMBINE_HIDPI_IMAGES = YES;
				CONFIGURATION_BUILD_DIR = "$(PROJECT_DIR)/build/$(CONFIGURATION)";
				DEAD_CODE_STRIPPING = YES;
				GCC_GENERATE_DEBUGGING_SYMBOLS = NO;
				GCC_OPTIMIZATION_LEVEL = 3;
				GCC_PREPROCESSOR_DEFINITIONS = (
					"_NDEBUG=1",
					"NDEBUG=1",
					"JUCER_XCODE_MAC_F6D2F4CF=1",
					"JUCE_APP_VERSION=0.1.0",
					"JUCE_APP_VERSION_HEX=0x100",
					"JucePlugin_Build_VST=0",
					"JucePlugin_Build_VST3=0",
					"JucePlugin_Build_AU=0",
					"JucePlugin_Build_AUv3=0",
					"JucePlugin_Build_RTAS=0",
					"JucePlugin_Build_AAX=0",
					"JucePlugin_Build_Standalone=1",
					"JucePlugin_Build_Unity=0",
				);
				GCC_VERSION = com.apple.compilers.llvm.clang.1_0;
				HEADER_SEARCH_PATHS = (
					"/Applications/JUCE/modules/juce_audio_processors/format_types/VST3_SDK",
					"/Applications/JUCE/vst2.4",
					"$(SRCROOT)/../../JuceLibraryCode",
					"/Applications/JUCE/modules",
					"/Applications/JUCE/modules/juce_audio_plugin_client",
					"$(inherited)",
				);
				INFOPLIST_FILE = Info-Standalone_Plugin.plist;
				INFOPLIST_PREPROCESS = NO;
				LLVM_LTO = YES;
				MACOSX_DEPLOYMENT_TARGET = 10.11;
				MTL_HEADER_SEARCH_PATHS = "/Applications/JUCE/modules/juce_audio_processors/format_types/VST3_SDK /Applications/JUCE/vst2.4 $(SRCROOT)/../../JuceLibraryCode /Applications/JUCE/modules /Applications/JUCE/modules/juce_audio_plugin_client";
				OTHER_LDFLAGS = "-lsfizz";
				PRODUCT_BUNDLE_IDENTIFIER = org.sfztools.sfizz;
				PRODUCT_NAME = "sfizz";
				USE_HEADERMAP = NO;
				VALID_ARCHS = "i386 x86_64 arm64 arm64e";
			};
			name = Release;
		};
		659BB26DCEF2482894A3D291 /* Debug */ = {
			isa = XCBuildConfiguration;
			buildSettings = {
				ALWAYS_SEARCH_USER_PATHS = NO;
				CLANG_ENABLE_OBJC_WEAK = YES;
				CLANG_WARN_BLOCK_CAPTURE_AUTORELEASING = YES;
				CLANG_WARN_BOOL_CONVERSION = YES;
				CLANG_WARN_COMMA = YES;
				CLANG_WARN_CONSTANT_CONVERSION = YES;
				CLANG_WARN_DEPRECATED_OBJC_IMPLEMENTATIONS = YES;
				CLANG_WARN_EMPTY_BODY = YES;
				CLANG_WARN_ENUM_CONVERSION = YES;
				CLANG_WARN_INFINITE_RECURSION = YES;
				CLANG_WARN_INT_CONVERSION = YES;
				CLANG_WARN_NON_LITERAL_NULL_CONVERSION = YES;
				CLANG_WARN_OBJC_IMPLICIT_RETAIN_SELF = YES;
				CLANG_WARN_OBJC_LITERAL_CONVERSION = YES;
				CLANG_WARN_RANGE_LOOP_ANALYSIS = YES;
				CLANG_WARN_STRICT_PROTOTYPES = YES;
				CLANG_WARN_SUSPICIOUS_MOVE = YES;
				CLANG_WARN_UNREACHABLE_CODE = YES;
				CLANG_WARN__DUPLICATE_METHOD_MATCH = YES;
				CODE_SIGN_IDENTITY = "";
				DEBUG_INFORMATION_FORMAT = dwarf;
				ENABLE_STRICT_OBJC_MSGSEND = YES;
				ENABLE_TESTABILITY = NO;
				GCC_C_LANGUAGE_STANDARD = c11;
				GCC_INLINES_ARE_PRIVATE_EXTERN = YES;
				GCC_MODEL_TUNING = G5;
				GCC_NO_COMMON_BLOCKS = YES;
				GCC_SYMBOLS_PRIVATE_EXTERN = YES;
				GCC_WARN_64_TO_32_BIT_CONVERSION = YES;
				GCC_WARN_ABOUT_RETURN_TYPE = YES;
				GCC_WARN_CHECK_SWITCH_STATEMENTS = YES;
				GCC_WARN_MISSING_PARENTHESES = YES;
				GCC_WARN_NON_VIRTUAL_DESTRUCTOR = YES;
				GCC_WARN_TYPECHECK_CALLS_TO_PRINTF = YES;
				GCC_WARN_UNDECLARED_SELECTOR = YES;
				GCC_WARN_UNINITIALIZED_AUTOS = YES;
				GCC_WARN_UNUSED_FUNCTION = YES;
				GCC_WARN_UNUSED_VARIABLE = YES;
				ONLY_ACTIVE_ARCH = YES;
				PRODUCT_NAME = "sfizz";
				SDKROOT = macosx;
				WARNING_CFLAGS = "-Wreorder";
				ZERO_LINK = NO;
			};
			name = Debug;
		};
		81094E6EECF92AA676955677 /* Release */ = {
			isa = XCBuildConfiguration;
			buildSettings = {
				CLANG_CXX_LANGUAGE_STANDARD = "c++17";
				CLANG_CXX_LIBRARY = "libc++";
				CLANG_LINK_OBJC_RUNTIME = NO;
				CODE_SIGN_IDENTITY = "";
				COMBINE_HIDPI_IMAGES = YES;
				CONFIGURATION_BUILD_DIR = "$(PROJECT_DIR)/build/$(CONFIGURATION)";
				DEAD_CODE_STRIPPING = YES;
				DEPLOYMENT_LOCATION = YES;
				DSTROOT = /;
				GCC_GENERATE_DEBUGGING_SYMBOLS = NO;
				GCC_OPTIMIZATION_LEVEL = 3;
				GCC_PREPROCESSOR_DEFINITIONS = (
					"_NDEBUG=1",
					"NDEBUG=1",
					"JUCER_XCODE_MAC_F6D2F4CF=1",
					"JUCE_APP_VERSION=0.1.0",
					"JUCE_APP_VERSION_HEX=0x100",
					"JucePlugin_Build_VST=0",
					"JucePlugin_Build_VST3=0",
					"JucePlugin_Build_AU=1",
					"JucePlugin_Build_AUv3=0",
					"JucePlugin_Build_RTAS=0",
					"JucePlugin_Build_AAX=0",
					"JucePlugin_Build_Standalone=0",
					"JucePlugin_Build_Unity=0",
				);
				GCC_VERSION = com.apple.compilers.llvm.clang.1_0;
				GENERATE_PKGINFO_FILE = YES;
				HEADER_SEARCH_PATHS = (
					"/Applications/JUCE/modules/juce_audio_processors/format_types/VST3_SDK",
					"/Applications/JUCE/vst2.4",
					"$(SRCROOT)/../../JuceLibraryCode",
					"/Applications/JUCE/modules",
					"/Applications/JUCE/modules/juce_audio_plugin_client",
					"$(inherited)",
				);
				INFOPLIST_FILE = Info-AU.plist;
				INFOPLIST_PREPROCESS = NO;
				INSTALL_PATH = "$(HOME)/Library/Audio/Plug-Ins/Components/";
				LIBRARY_STYLE = Bundle;
				LLVM_LTO = YES;
				MACOSX_DEPLOYMENT_TARGET = 10.11;
				MTL_HEADER_SEARCH_PATHS = "/Applications/JUCE/modules/juce_audio_processors/format_types/VST3_SDK /Applications/JUCE/vst2.4 $(SRCROOT)/../../JuceLibraryCode /Applications/JUCE/modules /Applications/JUCE/modules/juce_audio_plugin_client";
				OTHER_LDFLAGS = "-bundle -lsfizz";
				OTHER_REZFLAGS = "-d ppc_$ppc -d i386_$i386 -d ppc64_$ppc64 -d x86_64_$x86_64 -I /System/Library/Frameworks/CoreServices.framework/Frameworks/CarbonCore.framework/Versions/A/Headers -I \"$(DEVELOPER_DIR)/Extras/CoreAudio/AudioUnits/AUPublic/AUBase\" -I \"$(DEVELOPER_DIR)/Platforms/MacOSX.platform/Developer/SDKs/MacOSX.sdk/System/Library/Frameworks/AudioUnit.framework/Headers\"";
				PRODUCT_BUNDLE_IDENTIFIER = org.sfztools.sfizz;
				PRODUCT_NAME = "sfizz";
				USE_HEADERMAP = NO;
				VALID_ARCHS = "i386 x86_64 arm64 arm64e";
				WRAPPER_EXTENSION = component;
			};
			name = Release;
		};
		8679241BA931ECA67FEEFF1E /* Release */ = {
			isa = XCBuildConfiguration;
			buildSettings = {
				ALWAYS_SEARCH_USER_PATHS = NO;
				CLANG_ENABLE_OBJC_WEAK = YES;
				CLANG_WARN_BLOCK_CAPTURE_AUTORELEASING = YES;
				CLANG_WARN_BOOL_CONVERSION = YES;
				CLANG_WARN_COMMA = YES;
				CLANG_WARN_CONSTANT_CONVERSION = YES;
				CLANG_WARN_DEPRECATED_OBJC_IMPLEMENTATIONS = YES;
				CLANG_WARN_EMPTY_BODY = YES;
				CLANG_WARN_ENUM_CONVERSION = YES;
				CLANG_WARN_INFINITE_RECURSION = YES;
				CLANG_WARN_INT_CONVERSION = YES;
				CLANG_WARN_NON_LITERAL_NULL_CONVERSION = YES;
				CLANG_WARN_OBJC_IMPLICIT_RETAIN_SELF = YES;
				CLANG_WARN_OBJC_LITERAL_CONVERSION = YES;
				CLANG_WARN_RANGE_LOOP_ANALYSIS = YES;
				CLANG_WARN_STRICT_PROTOTYPES = YES;
				CLANG_WARN_SUSPICIOUS_MOVE = YES;
				CLANG_WARN_UNREACHABLE_CODE = YES;
				CLANG_WARN__DUPLICATE_METHOD_MATCH = YES;
				CODE_SIGN_IDENTITY = "";
				DEBUG_INFORMATION_FORMAT = dwarf;
				ENABLE_STRICT_OBJC_MSGSEND = YES;
				ENABLE_TESTABILITY = NO;
				GCC_C_LANGUAGE_STANDARD = c11;
				GCC_INLINES_ARE_PRIVATE_EXTERN = YES;
				GCC_MODEL_TUNING = G5;
				GCC_NO_COMMON_BLOCKS = YES;
				GCC_SYMBOLS_PRIVATE_EXTERN = YES;
				GCC_WARN_64_TO_32_BIT_CONVERSION = YES;
				GCC_WARN_ABOUT_RETURN_TYPE = YES;
				GCC_WARN_CHECK_SWITCH_STATEMENTS = YES;
				GCC_WARN_MISSING_PARENTHESES = YES;
				GCC_WARN_NON_VIRTUAL_DESTRUCTOR = YES;
				GCC_WARN_TYPECHECK_CALLS_TO_PRINTF = YES;
				GCC_WARN_UNDECLARED_SELECTOR = YES;
				GCC_WARN_UNINITIALIZED_AUTOS = YES;
				GCC_WARN_UNUSED_FUNCTION = YES;
				GCC_WARN_UNUSED_VARIABLE = YES;
				PRODUCT_NAME = "sfizz";
				SDKROOT = macosx;
				WARNING_CFLAGS = "-Wreorder";
				ZERO_LINK = NO;
			};
			name = Release;
		};
		AB6EE4060E6470941CD79269 /* Debug */ = {
			isa = XCBuildConfiguration;
			buildSettings = {
				CLANG_CXX_LANGUAGE_STANDARD = "c++17";
				CLANG_CXX_LIBRARY = "libc++";
				CLANG_LINK_OBJC_RUNTIME = NO;
				CODE_SIGN_IDENTITY = "";
				COMBINE_HIDPI_IMAGES = YES;
				CONFIGURATION_BUILD_DIR = "$(PROJECT_DIR)/build/$(CONFIGURATION)";
				COPY_PHASE_STRIP = NO;
				GCC_DYNAMIC_NO_PIC = NO;
				GCC_OPTIMIZATION_LEVEL = 0;
				GCC_PREPROCESSOR_DEFINITIONS = (
					"_DEBUG=1",
					"DEBUG=1",
					"JUCER_XCODE_MAC_F6D2F4CF=1",
					"JUCE_APP_VERSION=0.1.0",
					"JUCE_APP_VERSION_HEX=0x100",
					"JucePlugin_Build_VST=0",
					"JucePlugin_Build_VST3=1",
					"JucePlugin_Build_AU=1",
					"JucePlugin_Build_AUv3=0",
					"JucePlugin_Build_RTAS=0",
					"JucePlugin_Build_AAX=0",
					"JucePlugin_Build_Standalone=1",
					"JucePlugin_Build_Unity=0",
					"JUCE_SHARED_CODE=1",
				);
				GCC_VERSION = com.apple.compilers.llvm.clang.1_0;
				HEADER_SEARCH_PATHS = (
					"/Applications/JUCE/modules/juce_audio_processors/format_types/VST3_SDK",
					"/Applications/JUCE/vst2.4",
					"$(SRCROOT)/../../JuceLibraryCode",
					"/Applications/JUCE/modules",
					"/Applications/JUCE/modules/juce_audio_plugin_client",
					"$(inherited)",
				);
				INSTALL_PATH = "@executable_path/../Frameworks";
				MACOSX_DEPLOYMENT_TARGET = 10.11;
				MTL_HEADER_SEARCH_PATHS = "/Applications/JUCE/modules/juce_audio_processors/format_types/VST3_SDK /Applications/JUCE/vst2.4 $(SRCROOT)/../../JuceLibraryCode /Applications/JUCE/modules /Applications/JUCE/modules/juce_audio_plugin_client";
				PRODUCT_BUNDLE_IDENTIFIER = org.sfztools.sfizz;
				PRODUCT_NAME = "sfizz";
				SKIP_INSTALL = YES;
				USE_HEADERMAP = NO;
				VALID_ARCHS = "i386 x86_64 arm64 arm64e";
			};
			name = Debug;
		};
		DB87897662B9925BC5F4629E /* Debug */ = {
			isa = XCBuildConfiguration;
			buildSettings = {
				CLANG_CXX_LANGUAGE_STANDARD = "c++17";
				CLANG_CXX_LIBRARY = "libc++";
				CLANG_LINK_OBJC_RUNTIME = NO;
				CODE_SIGN_IDENTITY = "";
				COMBINE_HIDPI_IMAGES = YES;
				CONFIGURATION_BUILD_DIR = "$(PROJECT_DIR)/build/$(CONFIGURATION)";
				COPY_PHASE_STRIP = NO;
				GCC_DYNAMIC_NO_PIC = NO;
				GCC_OPTIMIZATION_LEVEL = 0;
				GCC_PREPROCESSOR_DEFINITIONS = (
					"_DEBUG=1",
					"DEBUG=1",
					"JUCER_XCODE_MAC_F6D2F4CF=1",
					"JUCE_APP_VERSION=0.1.0",
					"JUCE_APP_VERSION_HEX=0x100",
					"JucePlugin_Build_VST=0",
					"JucePlugin_Build_VST3=0",
					"JucePlugin_Build_AU=0",
					"JucePlugin_Build_AUv3=0",
					"JucePlugin_Build_RTAS=0",
					"JucePlugin_Build_AAX=0",
					"JucePlugin_Build_Standalone=1",
					"JucePlugin_Build_Unity=0",
				);
				GCC_VERSION = com.apple.compilers.llvm.clang.1_0;
				HEADER_SEARCH_PATHS = (
					"/Applications/JUCE/modules/juce_audio_processors/format_types/VST3_SDK",
					"/Applications/JUCE/vst2.4",
					"$(SRCROOT)/../../JuceLibraryCode",
					"/Applications/JUCE/modules",
					"/Applications/JUCE/modules/juce_audio_plugin_client",
					"$(inherited)",
				);
				INFOPLIST_FILE = Info-Standalone_Plugin.plist;
				INFOPLIST_PREPROCESS = NO;
				MACOSX_DEPLOYMENT_TARGET = 10.11;
				MTL_HEADER_SEARCH_PATHS = "/Applications/JUCE/modules/juce_audio_processors/format_types/VST3_SDK /Applications/JUCE/vst2.4 $(SRCROOT)/../../JuceLibraryCode /Applications/JUCE/modules /Applications/JUCE/modules/juce_audio_plugin_client";
				OTHER_LDFLAGS = "-lsfizz";
				PRODUCT_BUNDLE_IDENTIFIER = org.sfztools.sfizz;
				PRODUCT_NAME = "sfizz";
				USE_HEADERMAP = NO;
				VALID_ARCHS = "i386 x86_64 arm64 arm64e";
			};
			name = Debug;
		};
		F93F6007191B3B1C27337107 /* Debug */ = {
			isa = XCBuildConfiguration;
			buildSettings = {
				CLANG_CXX_LANGUAGE_STANDARD = "c++17";
				CLANG_CXX_LIBRARY = "libc++";
				CLANG_LINK_OBJC_RUNTIME = NO;
				CODE_SIGN_IDENTITY = "";
				COMBINE_HIDPI_IMAGES = YES;
				CONFIGURATION_BUILD_DIR = "$(PROJECT_DIR)/build/$(CONFIGURATION)";
				COPY_PHASE_STRIP = NO;
				DEPLOYMENT_LOCATION = YES;
				DSTROOT = /;
				GCC_DYNAMIC_NO_PIC = NO;
				GCC_OPTIMIZATION_LEVEL = 0;
				GCC_PREPROCESSOR_DEFINITIONS = (
					"_DEBUG=1",
					"DEBUG=1",
					"JUCER_XCODE_MAC_F6D2F4CF=1",
					"JUCE_APP_VERSION=0.1.0",
					"JUCE_APP_VERSION_HEX=0x100",
					"JucePlugin_Build_VST=0",
					"JucePlugin_Build_VST3=1",
					"JucePlugin_Build_AU=0",
					"JucePlugin_Build_AUv3=0",
					"JucePlugin_Build_RTAS=0",
					"JucePlugin_Build_AAX=0",
					"JucePlugin_Build_Standalone=0",
					"JucePlugin_Build_Unity=0",
				);
				GCC_VERSION = com.apple.compilers.llvm.clang.1_0;
				GENERATE_PKGINFO_FILE = YES;
				HEADER_SEARCH_PATHS = (
					"/Applications/JUCE/modules/juce_audio_processors/format_types/VST3_SDK",
					"/Applications/JUCE/vst2.4",
					"$(SRCROOT)/../../JuceLibraryCode",
					"/Applications/JUCE/modules",
					"/Applications/JUCE/modules/juce_audio_plugin_client",
					"$(inherited)",
				);
				INFOPLIST_FILE = Info-VST3.plist;
				INFOPLIST_PREPROCESS = NO;
				INSTALL_PATH = "$(HOME)/Library/Audio/Plug-Ins/VST3/";
				LIBRARY_STYLE = Bundle;
				MACOSX_DEPLOYMENT_TARGET = 10.11;
				MTL_HEADER_SEARCH_PATHS = "/Applications/JUCE/modules/juce_audio_processors/format_types/VST3_SDK /Applications/JUCE/vst2.4 $(SRCROOT)/../../JuceLibraryCode /Applications/JUCE/modules /Applications/JUCE/modules/juce_audio_plugin_client";
				OTHER_LDFLAGS = "-bundle -lsfizz";
				PRODUCT_BUNDLE_IDENTIFIER = org.sfztools.sfizz;
				PRODUCT_NAME = "sfizz";
				USE_HEADERMAP = NO;
				VALID_ARCHS = "i386 x86_64 arm64 arm64e";
				WRAPPER_EXTENSION = vst3;
			};
			name = Debug;
		};
		FBAD14582289DCACBC9D8946 /* Release */ = {
			isa = XCBuildConfiguration;
			buildSettings = {
				CLANG_CXX_LANGUAGE_STANDARD = "c++17";
				CLANG_CXX_LIBRARY = "libc++";
				CLANG_LINK_OBJC_RUNTIME = NO;
				CODE_SIGN_IDENTITY = "";
				COMBINE_HIDPI_IMAGES = YES;
				CONFIGURATION_BUILD_DIR = "$(PROJECT_DIR)/build/$(CONFIGURATION)";
				DEAD_CODE_STRIPPING = YES;
				DEPLOYMENT_LOCATION = YES;
				DSTROOT = /;
				GCC_GENERATE_DEBUGGING_SYMBOLS = NO;
				GCC_OPTIMIZATION_LEVEL = 3;
				GCC_PREPROCESSOR_DEFINITIONS = (
					"_NDEBUG=1",
					"NDEBUG=1",
					"JUCER_XCODE_MAC_F6D2F4CF=1",
					"JUCE_APP_VERSION=0.1.0",
					"JUCE_APP_VERSION_HEX=0x100",
					"JucePlugin_Build_VST=0",
					"JucePlugin_Build_VST3=1",
					"JucePlugin_Build_AU=0",
					"JucePlugin_Build_AUv3=0",
					"JucePlugin_Build_RTAS=0",
					"JucePlugin_Build_AAX=0",
					"JucePlugin_Build_Standalone=0",
					"JucePlugin_Build_Unity=0",
				);
				GCC_VERSION = com.apple.compilers.llvm.clang.1_0;
				GENERATE_PKGINFO_FILE = YES;
				HEADER_SEARCH_PATHS = (
					"/Applications/JUCE/modules/juce_audio_processors/format_types/VST3_SDK",
					"/Applications/JUCE/vst2.4",
					"$(SRCROOT)/../../JuceLibraryCode",
					"/Applications/JUCE/modules",
					"/Applications/JUCE/modules/juce_audio_plugin_client",
					"$(inherited)",
				);
				INFOPLIST_FILE = Info-VST3.plist;
				INFOPLIST_PREPROCESS = NO;
				INSTALL_PATH = "$(HOME)/Library/Audio/Plug-Ins/VST3/";
				LIBRARY_STYLE = Bundle;
				LLVM_LTO = YES;
				MACOSX_DEPLOYMENT_TARGET = 10.11;
				MTL_HEADER_SEARCH_PATHS = "/Applications/JUCE/modules/juce_audio_processors/format_types/VST3_SDK /Applications/JUCE/vst2.4 $(SRCROOT)/../../JuceLibraryCode /Applications/JUCE/modules /Applications/JUCE/modules/juce_audio_plugin_client";
				OTHER_LDFLAGS = "-bundle -lsfizz";
				PRODUCT_BUNDLE_IDENTIFIER = org.sfztools.sfizz;
				PRODUCT_NAME = "sfizz";
				USE_HEADERMAP = NO;
				VALID_ARCHS = "i386 x86_64 arm64 arm64e";
				WRAPPER_EXTENSION = vst3;
			};
			name = Release;
		};
		FCA29B9C4A6D5D0ECB938B42 /* Debug */ = {
			isa = XCBuildConfiguration;
			buildSettings = {
				CLANG_CXX_LANGUAGE_STANDARD = "c++17";
				CLANG_CXX_LIBRARY = "libc++";
				CLANG_LINK_OBJC_RUNTIME = NO;
				CODE_SIGN_IDENTITY = "";
				COMBINE_HIDPI_IMAGES = YES;
				CONFIGURATION_BUILD_DIR = "$(PROJECT_DIR)/build/$(CONFIGURATION)";
				COPY_PHASE_STRIP = NO;
				DEPLOYMENT_LOCATION = YES;
				DSTROOT = /;
				GCC_DYNAMIC_NO_PIC = NO;
				GCC_OPTIMIZATION_LEVEL = 0;
				GCC_PREPROCESSOR_DEFINITIONS = (
					"_DEBUG=1",
					"DEBUG=1",
					"JUCER_XCODE_MAC_F6D2F4CF=1",
					"JUCE_APP_VERSION=0.1.0",
					"JUCE_APP_VERSION_HEX=0x100",
					"JucePlugin_Build_VST=0",
					"JucePlugin_Build_VST3=0",
					"JucePlugin_Build_AU=1",
					"JucePlugin_Build_AUv3=0",
					"JucePlugin_Build_RTAS=0",
					"JucePlugin_Build_AAX=0",
					"JucePlugin_Build_Standalone=0",
					"JucePlugin_Build_Unity=0",
				);
				GCC_VERSION = com.apple.compilers.llvm.clang.1_0;
				GENERATE_PKGINFO_FILE = YES;
				HEADER_SEARCH_PATHS = (
					"/Applications/JUCE/modules/juce_audio_processors/format_types/VST3_SDK",
					"/Applications/JUCE/vst2.4",
					"$(SRCROOT)/../../JuceLibraryCode",
					"/Applications/JUCE/modules",
					"/Applications/JUCE/modules/juce_audio_plugin_client",
					"$(inherited)",
				);
				INFOPLIST_FILE = Info-AU.plist;
				INFOPLIST_PREPROCESS = NO;
				INSTALL_PATH = "$(HOME)/Library/Audio/Plug-Ins/Components/";
				LIBRARY_STYLE = Bundle;
				MACOSX_DEPLOYMENT_TARGET = 10.11;
				MTL_HEADER_SEARCH_PATHS = "/Applications/JUCE/modules/juce_audio_processors/format_types/VST3_SDK /Applications/JUCE/vst2.4 $(SRCROOT)/../../JuceLibraryCode /Applications/JUCE/modules /Applications/JUCE/modules/juce_audio_plugin_client";
				OTHER_LDFLAGS = "-bundle -lsfizz";
				OTHER_REZFLAGS = "-d ppc_$ppc -d i386_$i386 -d ppc64_$ppc64 -d x86_64_$x86_64 -I /System/Library/Frameworks/CoreServices.framework/Frameworks/CarbonCore.framework/Versions/A/Headers -I \"$(DEVELOPER_DIR)/Extras/CoreAudio/AudioUnits/AUPublic/AUBase\" -I \"$(DEVELOPER_DIR)/Platforms/MacOSX.platform/Developer/SDKs/MacOSX.sdk/System/Library/Frameworks/AudioUnit.framework/Headers\"";
				PRODUCT_BUNDLE_IDENTIFIER = org.sfztools.sfizz;
				PRODUCT_NAME = "sfizz";
				USE_HEADERMAP = NO;
				VALID_ARCHS = "i386 x86_64 arm64 arm64e";
				WRAPPER_EXTENSION = component;
			};
			name = Debug;
		};
		FE8ECD6C4E59826CFB22D00D /* Release */ = {
			isa = XCBuildConfiguration;
			buildSettings = {
				CLANG_CXX_LANGUAGE_STANDARD = "c++17";
				CLANG_CXX_LIBRARY = "libc++";
				CLANG_LINK_OBJC_RUNTIME = NO;
				CODE_SIGN_IDENTITY = "";
				COMBINE_HIDPI_IMAGES = YES;
				CONFIGURATION_BUILD_DIR = "$(PROJECT_DIR)/build/$(CONFIGURATION)";
				DEAD_CODE_STRIPPING = YES;
				GCC_GENERATE_DEBUGGING_SYMBOLS = NO;
				GCC_OPTIMIZATION_LEVEL = 3;
				GCC_PREPROCESSOR_DEFINITIONS = (
					"_NDEBUG=1",
					"NDEBUG=1",
					"JUCER_XCODE_MAC_F6D2F4CF=1",
					"JUCE_APP_VERSION=0.1.0",
					"JUCE_APP_VERSION_HEX=0x100",
					"JucePlugin_Build_VST=0",
					"JucePlugin_Build_VST3=1",
					"JucePlugin_Build_AU=1",
					"JucePlugin_Build_AUv3=0",
					"JucePlugin_Build_RTAS=0",
					"JucePlugin_Build_AAX=0",
					"JucePlugin_Build_Standalone=1",
					"JucePlugin_Build_Unity=0",
					"JUCE_SHARED_CODE=1",
				);
				GCC_VERSION = com.apple.compilers.llvm.clang.1_0;
				HEADER_SEARCH_PATHS = (
					"/Applications/JUCE/modules/juce_audio_processors/format_types/VST3_SDK",
					"/Applications/JUCE/vst2.4",
					"$(SRCROOT)/../../JuceLibraryCode",
					"/Applications/JUCE/modules",
					"/Applications/JUCE/modules/juce_audio_plugin_client",
					"$(inherited)",
				);
				INSTALL_PATH = "@executable_path/../Frameworks";
				LLVM_LTO = YES;
				MACOSX_DEPLOYMENT_TARGET = 10.11;
				MTL_HEADER_SEARCH_PATHS = "/Applications/JUCE/modules/juce_audio_processors/format_types/VST3_SDK /Applications/JUCE/vst2.4 $(SRCROOT)/../../JuceLibraryCode /Applications/JUCE/modules /Applications/JUCE/modules/juce_audio_plugin_client";
				PRODUCT_BUNDLE_IDENTIFIER = org.sfztools.sfizz;
				PRODUCT_NAME = "sfizz";
				SKIP_INSTALL = YES;
				USE_HEADERMAP = NO;
				VALID_ARCHS = "i386 x86_64 arm64 arm64e";
			};
			name = Release;
		};
/* End XCBuildConfiguration section */

/* Begin XCConfigurationList section */
		24C5E4D055E5CDAAEA0E835A = {
			isa = XCConfigurationList;
			buildConfigurations = (
				FCA29B9C4A6D5D0ECB938B42,
				81094E6EECF92AA676955677,
			);
			defaultConfigurationIsVisible = 0;
			defaultConfigurationName = Debug;
		};
		2A1AD2C5FA24DBA6408ABD99 = {
			isa = XCConfigurationList;
			buildConfigurations = (
				DB87897662B9925BC5F4629E,
				544667209AC37166242A9BCA,
			);
			defaultConfigurationIsVisible = 0;
			defaultConfigurationName = Debug;
		};
		837884C7468DBF3A1FCA8161 = {
			isa = XCConfigurationList;
			buildConfigurations = (
				F93F6007191B3B1C27337107,
				FBAD14582289DCACBC9D8946,
			);
			defaultConfigurationIsVisible = 0;
			defaultConfigurationName = Debug;
		};
		D191BD5517892DC8BC4ECA8D = {
			isa = XCConfigurationList;
			buildConfigurations = (
				AB6EE4060E6470941CD79269,
				FE8ECD6C4E59826CFB22D00D,
			);
			defaultConfigurationIsVisible = 0;
			defaultConfigurationName = Debug;
		};
		E71C1A18136ADBCC7F08D2AC = {
			isa = XCConfigurationList;
			buildConfigurations = (
				53C5C15D32FF687CE783535C,
				3AFF57E2BE5226A63EDF85FA,
			);
			defaultConfigurationIsVisible = 0;
			defaultConfigurationName = Debug;
		};
		EA0C7150C1C4E22C512F1844 = {
			isa = XCConfigurationList;
			buildConfigurations = (
				659BB26DCEF2482894A3D291,
				8679241BA931ECA67FEEFF1E,
			);
			defaultConfigurationIsVisible = 0;
			defaultConfigurationName = Debug;
		};
/* End XCConfigurationList section */
	};
	rootObject = AA0A677108E002D2FFC8741B /* Project object */;
}
